
Microsoft Visual Studio Solution File, Format Version 12.00
# Visual Studio Version 17
VisualStudioVersion = 17.8.34330.188
MinimumVisualStudioVersion = 10.0.40219.1
Project("{FAE04EC0-301F-11D3-BF4B-00C04F79EFBC}") = "Diziler", "Diziler.csproj", "{2A50B021-D70A-4625-9ADE-B184CCFA296B}"
EndProject
Global
	GlobalSection(SolutionConfigurationPlatforms) = preSolution
		Debug|Any CPU = Debug|Any CPU
		Release|Any CPU = Release|Any CPU
	EndGlobalSection
	GlobalSection(ProjectConfigurationPlatforms) = postSolution
		{2A50B021-D70A-4625-9ADE-B184CCFA296B}.Debug|Any CPU.ActiveCfg = Debug|Any CPU
		{2A50B021-D70A-4625-9ADE-B184CCFA296B}.Debug|Any CPU.Build.0 = Debug|Any CPU
		{2A50B021-D70A-4625-9ADE-B184CCFA296B}.Release|Any CPU.ActiveCfg = Release|Any CPU
		{2A50B021-D70A-4625-9ADE-B184CCFA296B}.Release|Any CPU.Build.0 = Release|Any CPU
	EndGlobalSection
	GlobalSection(SolutionProperties) = preSolution
		HideSolutionNode = FALSE
	EndGlobalSection
	GlobalSection(ExtensibilityGlobals) = postSolution
		SolutionGuid = {204235F3-1A7F-4B02-84B9-BE1A8E02CD4B}
	EndGlobalSection
EndGlobal
